PODS:
  - Alamofire (5.5.0)
  - AMapFoundation (1.6.9)
  - AMapLocation (2.8.0):
    - AMapFoundation (~> 1.6.9)
  - AMapSearch (8.1.0):
    - AMapFoundation (~> 1.6.9)
  - HandyJSON (5.0.2)
  - Moya (15.0.0):
    - Moya/Core (= 15.0.0)
  - Moya/Core (15.0.0):
    - Alamofire (~> 5.0)
  - SwifterSwift (5.2.0):
    - SwifterSwift/AppKit (= 5.2.0)
    - SwifterSwift/CoreAnimation (= 5.2.0)
    - SwifterSwift/CoreGraphics (= 5.2.0)
    - SwifterSwift/CoreLocation (= 5.2.0)
    - SwifterSwift/Dispatch (= 5.2.0)
    - SwifterSwift/Foundation (= 5.2.0)
    - SwifterSwift/MapKit (= 5.2.0)
    - SwifterSwift/SceneKit (= 5.2.0)
    - SwifterSwift/SpriteKit (= 5.2.0)
    - SwifterSwift/StoreKit (= 5.2.0)
    - SwifterSwift/SwiftStdlib (= 5.2.0)
    - SwifterSwift/UIKit (= 5.2.0)
  - SwifterSwift/AppKit (5.2.0)
  - SwifterSwift/CoreAnimation (5.2.0)
  - SwifterSwift/CoreGraphics (5.2.0)
  - SwifterSwift/CoreLocation (5.2.0)
  - SwifterSwift/Dispatch (5.2.0)
  - SwifterSwift/Foundation (5.2.0)
  - SwifterSwift/MapKit (5.2.0)
  - SwifterSwift/SceneKit (5.2.0)
  - SwifterSwift/SpriteKit (5.2.0)
  - SwifterSwift/StoreKit (5.2.0)
  - SwifterSwift/SwiftStdlib (5.2.0)
  - SwifterSwift/UIKit (5.2.0)

DEPENDENCIES:
  - Alamofire
  - AMapLocation
  - AMapSearch
  - HandyJSON
  - Moya
  - SwifterSwift

SPEC REPOS:
  trunk:
    - Alamofire
    - AMapFoundation
    - AMapLocation
    - AMapSearch
    - HandyJSON
    - Moya
    - SwifterSwift

SPEC CHECKSUMS:
  Alamofire: 1c4fb5369c3fe93d2857c780d8bbe09f06f97e7c
  AMapFoundation: 8d8ecbb0b2e9ce5487995360d26c885d94642bfd
  AMapLocation: 5ef44a1117be7dc541cb7a7d43d03c5ee91e4387
  AMapSearch: 5c1cc07429f04b9cc76438fcb2411c66fdbbb178
  HandyJSON: 9e4e236f5d2dbefad5155a77417bbea438201c03
  Moya: 138f0573e53411fb3dc17016add0b748dfbd78ee
  SwifterSwift: 334181863c416882d97b7a60c05054d9e4d799e2

PODFILE CHECKSUM: fc95580ccd8b2be90d46d857ca56963121a1fa2d

COCOAPODS: 1.11.2
