// !$*UTF8*$!
{
	archiveVersion = 1;
	classes = {
	};
	objectVersion = 55;
	objects = {

/* Begin PBXBuildFile section */
		8F6D1CB2D80B6EC39105320F /* Pods_LuohenWeather__iOS_.framework in Frameworks */ = {isa = PBXBuildFile; fileRef = 98491401801926E5C9C2497A /* Pods_LuohenWeather__iOS_.framework */; };
		A102538327918C3600984FF7 /* AboutView.swift in Sources */ = {isa = PBXBuildFile; fileRef = A102538227918C3600984FF7 /* AboutView.swift */; };
		A10C419327859629005F4090 /* CityManageView.swift in Sources */ = {isa = PBXBuildFile; fileRef = A10C419227859629005F4090 /* CityManageView.swift */; };
		A10DE23F277D64F2003C1BE6 /* NetworkManager.swift in Sources */ = {isa = PBXBuildFile; fileRef = A10DE23E277D64F2003C1BE6 /* NetworkManager.swift */; };
		A10DE241277D64FE003C1BE6 /* API.swift in Sources */ = {isa = PBXBuildFile; fileRef = A10DE240277D64FE003C1BE6 /* API.swift */; };
		A10DE245277D8281003C1BE6 /* NetworkResult.swift in Sources */ = {isa = PBXBuildFile; fileRef = A10DE244277D8281003C1BE6 /* NetworkResult.swift */; };
		A10DE247277D882B003C1BE6 /* HomeViewModel.swift in Sources */ = {isa = PBXBuildFile; fileRef = A10DE246277D882B003C1BE6 /* HomeViewModel.swift */; };
		A10DE249277D8CF2003C1BE6 /* YLPLog.swift in Sources */ = {isa = PBXBuildFile; fileRef = A10DE248277D8CF2003C1BE6 /* YLPLog.swift */; };
		A11ECA552782F9440076023D /* HomeNavBar.swift in Sources */ = {isa = PBXBuildFile; fileRef = A11ECA542782F9440076023D /* HomeNavBar.swift */; };
		A11ECA572782FA750076023D /* LocationManager.swift in Sources */ = {isa = PBXBuildFile; fileRef = A11ECA562782FA750076023D /* LocationManager.swift */; };
		A193D81A27856D9500309A09 /* FifteenDailyWeatherView.swift in Sources */ = {isa = PBXBuildFile; fileRef = A193D81927856D9500309A09 /* FifteenDailyWeatherView.swift */; };
		A193D81D2785943500309A09 /* SettingView.swift in Sources */ = {isa = PBXBuildFile; fileRef = A193D81C2785943500309A09 /* SettingView.swift */; };
		A19A19CF2783EE6B00B18CB7 /* LoadingView.swift in Sources */ = {isa = PBXBuildFile; fileRef = A19A19CE2783EE6B00B18CB7 /* LoadingView.swift */; };
		A19A19D12784204E00B18CB7 /* SearchBar.swift in Sources */ = {isa = PBXBuildFile; fileRef = A19A19D02784204E00B18CB7 /* SearchBar.swift */; };
		A19A19D3278420B600B18CB7 /* hot_city.json in Resources */ = {isa = PBXBuildFile; fileRef = A19A19D2278420B600B18CB7 /* hot_city.json */; };
		A19A19D5278426AC00B18CB7 /* Constants.swift in Sources */ = {isa = PBXBuildFile; fileRef = A19A19D4278426AC00B18CB7 /* Constants.swift */; };
		A19A19D827844AA600B18CB7 /* AirQualityView.swift in Sources */ = {isa = PBXBuildFile; fileRef = A19A19D727844AA600B18CB7 /* AirQualityView.swift */; };
		A1B09648277E973C004C6908 /* ColorExtension.swift in Sources */ = {isa = PBXBuildFile; fileRef = A1B09647277E973C004C6908 /* ColorExtension.swift */; };
		A1B0964A277E9D9F004C6908 /* Location.swift in Sources */ = {isa = PBXBuildFile; fileRef = A1B09649277E9D9F004C6908 /* Location.swift */; };
		A1B0964C277E9E06004C6908 /* CitySelectViewModel.swift in Sources */ = {isa = PBXBuildFile; fileRef = A1B0964B277E9E06004C6908 /* CitySelectViewModel.swift */; };
		A1C666D6277D3C52005B645E /* Tests_iOS.swift in Sources */ = {isa = PBXBuildFile; fileRef = A1C666D5277D3C52005B645E /* Tests_iOS.swift */; };
		A1C666D8277D3C52005B645E /* Tests_iOSLaunchTests.swift in Sources */ = {isa = PBXBuildFile; fileRef = A1C666D7277D3C52005B645E /* Tests_iOSLaunchTests.swift */; };
		A1C666E2277D3C52005B645E /* Tests_macOS.swift in Sources */ = {isa = PBXBuildFile; fileRef = A1C666E1277D3C52005B645E /* Tests_macOS.swift */; };
		A1C666E4277D3C52005B645E /* Tests_macOSLaunchTests.swift in Sources */ = {isa = PBXBuildFile; fileRef = A1C666E3277D3C52005B645E /* Tests_macOSLaunchTests.swift */; };
		A1C666E5277D3C52005B645E /* LuohenWeather.xcdatamodeld in Sources */ = {isa = PBXBuildFile; fileRef = A1C666BA277D3C50005B645E /* LuohenWeather.xcdatamodeld */; };
		A1C666E6277D3C52005B645E /* LuohenWeather.xcdatamodeld in Sources */ = {isa = PBXBuildFile; fileRef = A1C666BA277D3C50005B645E /* LuohenWeather.xcdatamodeld */; };
		A1C666E7277D3C52005B645E /* LuohenWeatherApp.swift in Sources */ = {isa = PBXBuildFile; fileRef = A1C666BC277D3C50005B645E /* LuohenWeatherApp.swift */; };
		A1C666E8277D3C52005B645E /* LuohenWeatherApp.swift in Sources */ = {isa = PBXBuildFile; fileRef = A1C666BC277D3C50005B645E /* LuohenWeatherApp.swift */; };
		A1C666EB277D3C52005B645E /* Persistence.swift in Sources */ = {isa = PBXBuildFile; fileRef = A1C666BE277D3C50005B645E /* Persistence.swift */; };
		A1C666EC277D3C52005B645E /* Persistence.swift in Sources */ = {isa = PBXBuildFile; fileRef = A1C666BE277D3C50005B645E /* Persistence.swift */; };
		A1C666ED277D3C52005B645E /* Assets.xcassets in Resources */ = {isa = PBXBuildFile; fileRef = A1C666BF277D3C52005B645E /* Assets.xcassets */; };
		A1C666EE277D3C52005B645E /* Assets.xcassets in Resources */ = {isa = PBXBuildFile; fileRef = A1C666BF277D3C52005B645E /* Assets.xcassets */; };
		A1C666FF277D3EBB005B645E /* HomeView.swift in Sources */ = {isa = PBXBuildFile; fileRef = A1C666FE277D3EBB005B645E /* HomeView.swift */; };
		A1C943EB279501B80095D806 /* AboutView.swift in Sources */ = {isa = PBXBuildFile; fileRef = A102538227918C3600984FF7 /* AboutView.swift */; };
		A1FB7533277DA3FA00FCA985 /* City.swift in Sources */ = {isa = PBXBuildFile; fileRef = A1FB7532277DA3FA00FCA985 /* City.swift */; };
		A1FB7535277DAA9D00FCA985 /* CityView.swift in Sources */ = {isa = PBXBuildFile; fileRef = A1FB7534277DAA9D00FCA985 /* CityView.swift */; };
		A1FB7537277DAB5E00FCA985 /* CitySelectView.swift in Sources */ = {isa = PBXBuildFile; fileRef = A1FB7536277DAB5E00FCA985 /* CitySelectView.swift */; };
		FFE00967BD43C13F29161990 /* Pods_LuohenWeather__macOS_.framework in Frameworks */ = {isa = PBXBuildFile; fileRef = 5A0FE161B2ECF7C18DB0D61C /* Pods_LuohenWeather__macOS_.framework */; };
/* End PBXBuildFile section */

/* Begin PBXContainerItemProxy section */
		A1C666D2277D3C52005B645E /* PBXContainerItemProxy */ = {
			isa = PBXContainerItemProxy;
			containerPortal = A1C666B5277D3C50005B645E /* Project object */;
			proxyType = 1;
			remoteGlobalIDString = A1C666C3277D3C52005B645E;
			remoteInfo = "LuohenWeather (iOS)";
		};
		A1C666DE277D3C52005B645E /* PBXContainerItemProxy */ = {
			isa = PBXContainerItemProxy;
			containerPortal = A1C666B5277D3C50005B645E /* Project object */;
			proxyType = 1;
			remoteGlobalIDString = A1C666C9277D3C52005B645E;
			remoteInfo = "LuohenWeather (macOS)";
		};
/* End PBXContainerItemProxy section */

/* Begin PBXFileReference section */
		4DADC01E34EB4AD9CC95CD77 /* Pods-LuohenWeather (iOS).debug.xcconfig */ = {isa = PBXFileReference; includeInIndex = 1; lastKnownFileType = text.xcconfig; name = "Pods-LuohenWeather (iOS).debug.xcconfig"; path = "Target Support Files/Pods-LuohenWeather (iOS)/Pods-LuohenWeather (iOS).debug.xcconfig"; sourceTree = "<group>"; };
		5A0FE161B2ECF7C18DB0D61C /* Pods_LuohenWeather__macOS_.framework */ = {isa = PBXFileReference; explicitFileType = wrapper.framework; includeInIndex = 0; path = Pods_LuohenWeather__macOS_.framework; sourceTree = BUILT_PRODUCTS_DIR; };
		90B27F707FE2EC3B49F5C281 /* Pods-LuohenWeather (macOS).release.xcconfig */ = {isa = PBXFileReference; includeInIndex = 1; lastKnownFileType = text.xcconfig; name = "Pods-LuohenWeather (macOS).release.xcconfig"; path = "Target Support Files/Pods-LuohenWeather (macOS)/Pods-LuohenWeather (macOS).release.xcconfig"; sourceTree = "<group>"; };
		98491401801926E5C9C2497A /* Pods_LuohenWeather__iOS_.framework */ = {isa = PBXFileReference; explicitFileType = wrapper.framework; includeInIndex = 0; path = Pods_LuohenWeather__iOS_.framework; sourceTree = BUILT_PRODUCTS_DIR; };
		A102538227918C3600984FF7 /* AboutView.swift */ = {isa = PBXFileReference; lastKnownFileType = sourcecode.swift; path = AboutView.swift; sourceTree = "<group>"; };
		A10C419227859629005F4090 /* CityManageView.swift */ = {isa = PBXFileReference; lastKnownFileType = sourcecode.swift; path = CityManageView.swift; sourceTree = "<group>"; };
		A10DE23E277D64F2003C1BE6 /* NetworkManager.swift */ = {isa = PBXFileReference; lastKnownFileType = sourcecode.swift; path = NetworkManager.swift; sourceTree = "<group>"; };
		A10DE240277D64FE003C1BE6 /* API.swift */ = {isa = PBXFileReference; lastKnownFileType = sourcecode.swift; path = API.swift; sourceTree = "<group>"; };
		A10DE244277D8281003C1BE6 /* NetworkResult.swift */ = {isa = PBXFileReference; lastKnownFileType = sourcecode.swift; path = NetworkResult.swift; sourceTree = "<group>"; };
		A10DE246277D882B003C1BE6 /* HomeViewModel.swift */ = {isa = PBXFileReference; lastKnownFileType = sourcecode.swift; path = HomeViewModel.swift; sourceTree = "<group>"; };
		A10DE248277D8CF2003C1BE6 /* YLPLog.swift */ = {isa = PBXFileReference; lastKnownFileType = sourcecode.swift; path = YLPLog.swift; sourceTree = "<group>"; };
		A1143A0C277D5AD000345F30 /* LuohenWeather--iOS--Info.plist */ = {isa = PBXFileReference; lastKnownFileType = text.plist; path = "LuohenWeather--iOS--Info.plist"; sourceTree = "<group>"; };
		A11ECA542782F9440076023D /* HomeNavBar.swift */ = {isa = PBXFileReference; lastKnownFileType = sourcecode.swift; path = HomeNavBar.swift; sourceTree = "<group>"; };
		A11ECA562782FA750076023D /* LocationManager.swift */ = {isa = PBXFileReference; lastKnownFileType = sourcecode.swift; path = LocationManager.swift; sourceTree = "<group>"; };
		A193D81927856D9500309A09 /* FifteenDailyWeatherView.swift */ = {isa = PBXFileReference; lastKnownFileType = sourcecode.swift; path = FifteenDailyWeatherView.swift; sourceTree = "<group>"; };
		A193D81C2785943500309A09 /* SettingView.swift */ = {isa = PBXFileReference; lastKnownFileType = sourcecode.swift; path = SettingView.swift; sourceTree = "<group>"; };
		A19A19CE2783EE6B00B18CB7 /* LoadingView.swift */ = {isa = PBXFileReference; lastKnownFileType = sourcecode.swift; path = LoadingView.swift; sourceTree = "<group>"; };
		A19A19D02784204E00B18CB7 /* SearchBar.swift */ = {isa = PBXFileReference; lastKnownFileType = sourcecode.swift; path = SearchBar.swift; sourceTree = "<group>"; };
		A19A19D2278420B600B18CB7 /* hot_city.json */ = {isa = PBXFileReference; lastKnownFileType = text.json; path = hot_city.json; sourceTree = "<group>"; };
		A19A19D4278426AC00B18CB7 /* Constants.swift */ = {isa = PBXFileReference; lastKnownFileType = sourcecode.swift; path = Constants.swift; sourceTree = "<group>"; };
		A19A19D727844AA600B18CB7 /* AirQualityView.swift */ = {isa = PBXFileReference; lastKnownFileType = sourcecode.swift; path = AirQualityView.swift; sourceTree = "<group>"; };
		A1B09647277E973C004C6908 /* ColorExtension.swift */ = {isa = PBXFileReference; lastKnownFileType = sourcecode.swift; path = ColorExtension.swift; sourceTree = "<group>"; };
		A1B09649277E9D9F004C6908 /* Location.swift */ = {isa = PBXFileReference; lastKnownFileType = sourcecode.swift; path = Location.swift; sourceTree = "<group>"; };
		A1B0964B277E9E06004C6908 /* CitySelectViewModel.swift */ = {isa = PBXFileReference; lastKnownFileType = sourcecode.swift; path = CitySelectViewModel.swift; sourceTree = "<group>"; };
		A1C666BB277D3C50005B645E /* Shared.xcdatamodel */ = {isa = PBXFileReference; lastKnownFileType = wrapper.xcdatamodel; path = Shared.xcdatamodel; sourceTree = "<group>"; };
		A1C666BC277D3C50005B645E /* LuohenWeatherApp.swift */ = {isa = PBXFileReference; lastKnownFileType = sourcecode.swift; path = LuohenWeatherApp.swift; sourceTree = "<group>"; };
		A1C666BE277D3C50005B645E /* Persistence.swift */ = {isa = PBXFileReference; lastKnownFileType = sourcecode.swift; path = Persistence.swift; sourceTree = "<group>"; };
		A1C666BF277D3C52005B645E /* Assets.xcassets */ = {isa = PBXFileReference; lastKnownFileType = folder.assetcatalog; path = Assets.xcassets; sourceTree = "<group>"; };
		A1C666C4277D3C52005B645E /* LuohenWeather.app */ = {isa = PBXFileReference; explicitFileType = wrapper.application; includeInIndex = 0; path = LuohenWeather.app; sourceTree = BUILT_PRODUCTS_DIR; };
		A1C666CA277D3C52005B645E /* LuohenWeather.app */ = {isa = PBXFileReference; explicitFileType = wrapper.application; includeInIndex = 0; path = LuohenWeather.app; sourceTree = BUILT_PRODUCTS_DIR; };
		A1C666CC277D3C52005B645E /* macOS.entitlements */ = {isa = PBXFileReference; lastKnownFileType = text.plist.entitlements; path = macOS.entitlements; sourceTree = "<group>"; };
		A1C666D1277D3C52005B645E /* Tests iOS.xctest */ = {isa = PBXFileReference; explicitFileType = wrapper.cfbundle; includeInIndex = 0; path = "Tests iOS.xctest"; sourceTree = BUILT_PRODUCTS_DIR; };
		A1C666D5277D3C52005B645E /* Tests_iOS.swift */ = {isa = PBXFileReference; lastKnownFileType = sourcecode.swift; path = Tests_iOS.swift; sourceTree = "<group>"; };
		A1C666D7277D3C52005B645E /* Tests_iOSLaunchTests.swift */ = {isa = PBXFileReference; lastKnownFileType = sourcecode.swift; path = Tests_iOSLaunchTests.swift; sourceTree = "<group>"; };
		A1C666DD277D3C52005B645E /* Tests macOS.xctest */ = {isa = PBXFileReference; explicitFileType = wrapper.cfbundle; includeInIndex = 0; path = "Tests macOS.xctest"; sourceTree = BUILT_PRODUCTS_DIR; };
		A1C666E1277D3C52005B645E /* Tests_macOS.swift */ = {isa = PBXFileReference; lastKnownFileType = sourcecode.swift; path = Tests_macOS.swift; sourceTree = "<group>"; };
		A1C666E3277D3C52005B645E /* Tests_macOSLaunchTests.swift */ = {isa = PBXFileReference; lastKnownFileType = sourcecode.swift; path = Tests_macOSLaunchTests.swift; sourceTree = "<group>"; };
		A1C666FE277D3EBB005B645E /* HomeView.swift */ = {isa = PBXFileReference; lastKnownFileType = sourcecode.swift; path = HomeView.swift; sourceTree = "<group>"; };
		A1C66700277D584B005B645E /* LuohenWeather (iOS)-Bridging-Header.h */ = {isa = PBXFileReference; lastKnownFileType = sourcecode.c.h; path = "LuohenWeather (iOS)-Bridging-Header.h"; sourceTree = "<group>"; };
		A1C66701277D584B005B645E /* LuohenWeather (macOS)-Bridging-Header.h */ = {isa = PBXFileReference; lastKnownFileType = sourcecode.c.h; path = "LuohenWeather (macOS)-Bridging-Header.h"; sourceTree = "<group>"; };
		A1FB7532277DA3FA00FCA985 /* City.swift */ = {isa = PBXFileReference; lastKnownFileType = sourcecode.swift; path = City.swift; sourceTree = "<group>"; };
		A1FB7534277DAA9D00FCA985 /* CityView.swift */ = {isa = PBXFileReference; lastKnownFileType = sourcecode.swift; path = CityView.swift; sourceTree = "<group>"; };
		A1FB7536277DAB5E00FCA985 /* CitySelectView.swift */ = {isa = PBXFileReference; lastKnownFileType = sourcecode.swift; path = CitySelectView.swift; sourceTree = "<group>"; };
		A24D459FACDA916ED7AFC5A2 /* Pods-LuohenWeather (iOS).release.xcconfig */ = {isa = PBXFileReference; includeInIndex = 1; lastKnownFileType = text.xcconfig; name = "Pods-LuohenWeather (iOS).release.xcconfig"; path = "Target Support Files/Pods-LuohenWeather (iOS)/Pods-LuohenWeather (iOS).release.xcconfig"; sourceTree = "<group>"; };
		DA4BB0EF120CEB996A91C3B5 /* Pods-LuohenWeather (macOS).debug.xcconfig */ = {isa = PBXFileReference; includeInIndex = 1; lastKnownFileType = text.xcconfig; name = "Pods-LuohenWeather (macOS).debug.xcconfig"; path = "Target Support Files/Pods-LuohenWeather (macOS)/Pods-LuohenWeather (macOS).debug.xcconfig"; sourceTree = "<group>"; };
/* End PBXFileReference section */

/* Begin PBXFrameworksBuildPhase section */
		A1C666C1277D3C52005B645E /* Frameworks */ = {
			isa = PBXFrameworksBuildPhase;
			buildActionMask = 2147483647;
			files = (
				8F6D1CB2D80B6EC39105320F /* Pods_LuohenWeather__iOS_.framework in Frameworks */,
			);
			runOnlyForDeploymentPostprocessing = 0;
		};
		A1C666C7277D3C52005B645E /* Frameworks */ = {
			isa = PBXFrameworksBuildPhase;
			buildActionMask = 2147483647;
			files = (
				FFE00967BD43C13F29161990 /* Pods_LuohenWeather__macOS_.framework in Frameworks */,
			);
			runOnlyForDeploymentPostprocessing = 0;
		};
		A1C666CE277D3C52005B645E /* Frameworks */ = {
			isa = PBXFrameworksBuildPhase;
			buildActionMask = 2147483647;
			files = (
			);
			runOnlyForDeploymentPostprocessing = 0;
		};
		A1C666DA277D3C52005B645E /* Frameworks */ = {
			isa = PBXFrameworksBuildPhase;
			buildActionMask = 2147483647;
			files = (
			);
			runOnlyForDeploymentPostprocessing = 0;
		};
/* End PBXFrameworksBuildPhase section */

/* Begin PBXGroup section */
		01B5692F0CB1F85436B8E266 /* Pods */ = {
			isa = PBXGroup;
			children = (
				4DADC01E34EB4AD9CC95CD77 /* Pods-LuohenWeather (iOS).debug.xcconfig */,
				A24D459FACDA916ED7AFC5A2 /* Pods-LuohenWeather (iOS).release.xcconfig */,
				DA4BB0EF120CEB996A91C3B5 /* Pods-LuohenWeather (macOS).debug.xcconfig */,
				90B27F707FE2EC3B49F5C281 /* Pods-LuohenWeather (macOS).release.xcconfig */,
			);
			path = Pods;
			sourceTree = "<group>";
		};
		80425D8FEA28A6C0D33E6E6B /* Frameworks */ = {
			isa = PBXGroup;
			children = (
				98491401801926E5C9C2497A /* Pods_LuohenWeather__iOS_.framework */,
				5A0FE161B2ECF7C18DB0D61C /* Pods_LuohenWeather__macOS_.framework */,
			);
			name = Frameworks;
			sourceTree = "<group>";
		};
		A102538127918C2B00984FF7 /* About */ = {
			isa = PBXGroup;
			children = (
				A102538227918C3600984FF7 /* AboutView.swift */,
			);
			path = About;
			sourceTree = "<group>";
		};
		A10DE23A277D5BD3003C1BE6 /* iOS */ = {
			isa = PBXGroup;
			children = (
			);
			path = iOS;
			sourceTree = "<group>";
		};
		A10DE23D277D64D8003C1BE6 /* public */ = {
			isa = PBXGroup;
			children = (
				A10DE23E277D64F2003C1BE6 /* NetworkManager.swift */,
				A10DE240277D64FE003C1BE6 /* API.swift */,
				A10DE248277D8CF2003C1BE6 /* YLPLog.swift */,
				A1B09647277E973C004C6908 /* ColorExtension.swift */,
				A11ECA562782FA750076023D /* LocationManager.swift */,
				A19A19D2278420B600B18CB7 /* hot_city.json */,
				A19A19D4278426AC00B18CB7 /* Constants.swift */,
			);
			path = public;
			sourceTree = "<group>";
		};
		A10DE242277D8239003C1BE6 /* Model */ = {
			isa = PBXGroup;
			children = (
				A10DE244277D8281003C1BE6 /* NetworkResult.swift */,
				A1FB7532277DA3FA00FCA985 /* City.swift */,
				A1B09649277E9D9F004C6908 /* Location.swift */,
			);
			path = Model;
			sourceTree = "<group>";
		};
		A10DE243277D8240003C1BE6 /* ViewModel */ = {
			isa = PBXGroup;
			children = (
				A10DE246277D882B003C1BE6 /* HomeViewModel.swift */,
				A1B0964B277E9E06004C6908 /* CitySelectViewModel.swift */,
			);
			path = ViewModel;
			sourceTree = "<group>";
		};
		A193D81B2785942B00309A09 /* SettingView */ = {
			isa = PBXGroup;
			children = (
				A193D81C2785943500309A09 /* SettingView.swift */,
				A10C419227859629005F4090 /* CityManageView.swift */,
			);
			path = SettingView;
			sourceTree = "<group>";
		};
		A19A19D627844A9900B18CB7 /* Home */ = {
			isa = PBXGroup;
			children = (
				A1C666FE277D3EBB005B645E /* HomeView.swift */,
				A11ECA542782F9440076023D /* HomeNavBar.swift */,
				A1FB7534277DAA9D00FCA985 /* CityView.swift */,
				A19A19D727844AA600B18CB7 /* AirQualityView.swift */,
				A193D81927856D9500309A09 /* FifteenDailyWeatherView.swift */,
			);
			path = Home;
			sourceTree = "<group>";
		};
		A19A19D9278451CA00B18CB7 /* Other */ = {
			isa = PBXGroup;
			children = (
			);
			path = Other;
			sourceTree = "<group>";
		};
		A19A19DA278451D000B18CB7 /* Search */ = {
			isa = PBXGroup;
			children = (
				A19A19D02784204E00B18CB7 /* SearchBar.swift */,
				A1FB7536277DAB5E00FCA985 /* CitySelectView.swift */,
				A19A19CE2783EE6B00B18CB7 /* LoadingView.swift */,
			);
			path = Search;
			sourceTree = "<group>";
		};
		A1C666B4277D3C50005B645E = {
			isa = PBXGroup;
			children = (
				A10DE23A277D5BD3003C1BE6 /* iOS */,
				A1143A0C277D5AD000345F30 /* LuohenWeather--iOS--Info.plist */,
				A1C666B9277D3C50005B645E /* Shared */,
				A1C666CB277D3C52005B645E /* macOS */,
				A1C666D4277D3C52005B645E /* Tests iOS */,
				A1C666E0277D3C52005B645E /* Tests macOS */,
				A1C666C5277D3C52005B645E /* Products */,
				01B5692F0CB1F85436B8E266 /* Pods */,
				80425D8FEA28A6C0D33E6E6B /* Frameworks */,
			);
			sourceTree = "<group>";
		};
		A1C666B9277D3C50005B645E /* Shared */ = {
			isa = PBXGroup;
			children = (
				A10DE243277D8240003C1BE6 /* ViewModel */,
				A10DE242277D8239003C1BE6 /* Model */,
				A10DE23D277D64D8003C1BE6 /* public */,
				A1C666FD277D3EB0005B645E /* View */,
				A1C666BE277D3C50005B645E /* Persistence.swift */,
				A1C666BC277D3C50005B645E /* LuohenWeatherApp.swift */,
				A1C666BF277D3C52005B645E /* Assets.xcassets */,
				A1C666BA277D3C50005B645E /* LuohenWeather.xcdatamodeld */,
				A1C66700277D584B005B645E /* LuohenWeather (iOS)-Bridging-Header.h */,
				A1C66701277D584B005B645E /* LuohenWeather (macOS)-Bridging-Header.h */,
			);
			path = Shared;
			sourceTree = "<group>";
		};
		A1C666C5277D3C52005B645E /* Products */ = {
			isa = PBXGroup;
			children = (
				A1C666C4277D3C52005B645E /* LuohenWeather.app */,
				A1C666CA277D3C52005B645E /* LuohenWeather.app */,
				A1C666D1277D3C52005B645E /* Tests iOS.xctest */,
				A1C666DD277D3C52005B645E /* Tests macOS.xctest */,
			);
			name = Products;
			sourceTree = "<group>";
		};
		A1C666CB277D3C52005B645E /* macOS */ = {
			isa = PBXGroup;
			children = (
				A1C666CC277D3C52005B645E /* macOS.entitlements */,
			);
			path = macOS;
			sourceTree = "<group>";
		};
		A1C666D4277D3C52005B645E /* Tests iOS */ = {
			isa = PBXGroup;
			children = (
				A1C666D5277D3C52005B645E /* Tests_iOS.swift */,
				A1C666D7277D3C52005B645E /* Tests_iOSLaunchTests.swift */,
			);
			path = "Tests iOS";
			sourceTree = "<group>";
		};
		A1C666E0277D3C52005B645E /* Tests macOS */ = {
			isa = PBXGroup;
			children = (
				A1C666E1277D3C52005B645E /* Tests_macOS.swift */,
				A1C666E3277D3C52005B645E /* Tests_macOSLaunchTests.swift */,
			);
			path = "Tests macOS";
			sourceTree = "<group>";
		};
		A1C666FD277D3EB0005B645E /* View */ = {
			isa = PBXGroup;
			children = (
				A102538127918C2B00984FF7 /* About */,
				A193D81B2785942B00309A09 /* SettingView */,
				A19A19DA278451D000B18CB7 /* Search */,
				A19A19D9278451CA00B18CB7 /* Other */,
				A19A19D627844A9900B18CB7 /* Home */,
			);
			path = View;
			sourceTree = "<group>";
		};
/* End PBXGroup section */

/* Begin PBXNativeTarget section */
		A1C666C3277D3C52005B645E /* LuohenWeather (iOS) */ = {
			isa = PBXNativeTarget;
			buildConfigurationList = A1C666F1277D3C52005B645E /* Build configuration list for PBXNativeTarget "LuohenWeather (iOS)" */;
			buildPhases = (
				5354A58AE05307F24FDAF768 /* [CP] Check Pods Manifest.lock */,
				A1C666C0277D3C52005B645E /* Sources */,
				A1C666C1277D3C52005B645E /* Frameworks */,
				A1C666C2277D3C52005B645E /* Resources */,
				D54D2A5C9AF0D5961CA29CE4 /* [CP] Embed Pods Frameworks */,
			);
			buildRules = (
			);
			dependencies = (
			);
			name = "LuohenWeather (iOS)";
			packageProductDependencies = (
			);
			productName = "LuohenWeather (iOS)";
			productReference = A1C666C4277D3C52005B645E /* LuohenWeather.app */;
			productType = "com.apple.product-type.application";
		};
		A1C666C9277D3C52005B645E /* LuohenWeather (macOS) */ = {
			isa = PBXNativeTarget;
			buildConfigurationList = A1C666F4277D3C52005B645E /* Build configuration list for PBXNativeTarget "LuohenWeather (macOS)" */;
			buildPhases = (
				2BBAA275D60C24B2EFC3F873 /* [CP] Check Pods Manifest.lock */,
				A1C666C6277D3C52005B645E /* Sources */,
				A1C666C7277D3C52005B645E /* Frameworks */,
				A1C666C8277D3C52005B645E /* Resources */,
			);
			buildRules = (
			);
			dependencies = (
			);
			name = "LuohenWeather (macOS)";
			productName = "LuohenWeather (macOS)";
			productReference = A1C666CA277D3C52005B645E /* LuohenWeather.app */;
			productType = "com.apple.product-type.application";
		};
		A1C666D0277D3C52005B645E /* Tests iOS */ = {
			isa = PBXNativeTarget;
			buildConfigurationList = A1C666F7277D3C52005B645E /* Build configuration list for PBXNativeTarget "Tests iOS" */;
			buildPhases = (
				A1C666CD277D3C52005B645E /* Sources */,
				A1C666CE277D3C52005B645E /* Frameworks */,
				A1C666CF277D3C52005B645E /* Resources */,
			);
			buildRules = (
			);
			dependencies = (
				A1C666D3277D3C52005B645E /* PBXTargetDependency */,
			);
			name = "Tests iOS";
			productName = "Tests iOS";
			productReference = A1C666D1277D3C52005B645E /* Tests iOS.xctest */;
			productType = "com.apple.product-type.bundle.ui-testing";
		};
		A1C666DC277D3C52005B645E /* Tests macOS */ = {
			isa = PBXNativeTarget;
			buildConfigurationList = A1C666FA277D3C52005B645E /* Build configuration list for PBXNativeTarget "Tests macOS" */;
			buildPhases = (
				A1C666D9277D3C52005B645E /* Sources */,
				A1C666DA277D3C52005B645E /* Frameworks */,
				A1C666DB277D3C52005B645E /* Resources */,
			);
			buildRules = (
			);
			dependencies = (
				A1C666DF277D3C52005B645E /* PBXTargetDependency */,
			);
			name = "Tests macOS";
			productName = "Tests macOS";
			productReference = A1C666DD277D3C52005B645E /* Tests macOS.xctest */;
			productType = "com.apple.product-type.bundle.ui-testing";
		};
/* End PBXNativeTarget section */

/* Begin PBXProject section */
		A1C666B5277D3C50005B645E /* Project object */ = {
			isa = PBXProject;
			attributes = {
				BuildIndependentTargetsInParallel = 1;
				LastSwiftUpdateCheck = 1320;
				LastUpgradeCheck = 1320;
				TargetAttributes = {
					A1C666C3277D3C52005B645E = {
						CreatedOnToolsVersion = 13.2.1;
						LastSwiftMigration = 1320;
					};
					A1C666C9277D3C52005B645E = {
						CreatedOnToolsVersion = 13.2.1;
						LastSwiftMigration = 1320;
					};
					A1C666D0277D3C52005B645E = {
						CreatedOnToolsVersion = 13.2.1;
						TestTargetID = A1C666C3277D3C52005B645E;
					};
					A1C666DC277D3C52005B645E = {
						CreatedOnToolsVersion = 13.2.1;
						TestTargetID = A1C666C9277D3C52005B645E;
					};
				};
			};
			buildConfigurationList = A1C666B8277D3C50005B645E /* Build configuration list for PBXProject "LuohenWeather" */;
			compatibilityVersion = "Xcode 13.0";
			developmentRegion = en;
			hasScannedForEncodings = 0;
			knownRegions = (
				en,
				Base,
			);
			mainGroup = A1C666B4277D3C50005B645E;
			packageReferences = (
			);
			productRefGroup = A1C666C5277D3C52005B645E /* Products */;
			projectDirPath = "";
			projectRoot = "";
			targets = (
				A1C666C3277D3C52005B645E /* LuohenWeather (iOS) */,
				A1C666C9277D3C52005B645E /* LuohenWeather (macOS) */,
				A1C666D0277D3C52005B645E /* Tests iOS */,
				A1C666DC277D3C52005B645E /* Tests macOS */,
			);
		};
/* End PBXProject section */

/* Begin PBXResourcesBuildPhase section */
		A1C666C2277D3C52005B645E /* Resources */ = {
			isa = PBXResourcesBuildPhase;
			buildActionMask = 2147483647;
			files = (
				A19A19D3278420B600B18CB7 /* hot_city.json in Resources */,
				A1C666ED277D3C52005B645E /* Assets.xcassets in Resources */,
			);
			runOnlyForDeploymentPostprocessing = 0;
		};
		A1C666C8277D3C52005B645E /* Resources */ = {
			isa = PBXResourcesBuildPhase;
			buildActionMask = 2147483647;
			files = (
				A1C666EE277D3C52005B645E /* Assets.xcassets in Resources */,
			);
			runOnlyForDeploymentPostprocessing = 0;
		};
		A1C666CF277D3C52005B645E /* Resources */ = {
			isa = PBXResourcesBuildPhase;
			buildActionMask = 2147483647;
			files = (
			);
			runOnlyForDeploymentPostprocessing = 0;
		};
		A1C666DB277D3C52005B645E /* Resources */ = {
			isa = PBXResourcesBuildPhase;
			buildActionMask = 2147483647;
			files = (
			);
			runOnlyForDeploymentPostprocessing = 0;
		};
/* End PBXResourcesBuildPhase section */

/* Begin PBXShellScriptBuildPhase section */
		2BBAA275D60C24B2EFC3F873 /* [CP] Check Pods Manifest.lock */ = {
			isa = PBXShellScriptBuildPhase;
			buildActionMask = 2147483647;
			files = (
			);
			inputFileListPaths = (
			);
			inputPaths = (
				"${PODS_PODFILE_DIR_PATH}/Podfile.lock",
				"${PODS_ROOT}/Manifest.lock",
			);
			name = "[CP] Check Pods Manifest.lock";
			outputFileListPaths = (
			);
			outputPaths = (
				"$(DERIVED_FILE_DIR)/Pods-LuohenWeather (macOS)-checkManifestLockResult.txt",
			);
			runOnlyForDeploymentPostprocessing = 0;
			shellPath = /bin/sh;
			shellScript = "diff \"${PODS_PODFILE_DIR_PATH}/Podfile.lock\" \"${PODS_ROOT}/Manifest.lock\" > /dev/null\nif [ $? != 0 ] ; then\n    # print error to STDERR\n    echo \"error: The sandbox is not in sync with the Podfile.lock. Run 'pod install' or update your CocoaPods installation.\" >&2\n    exit 1\nfi\n# This output is used by Xcode 'outputs' to avoid re-running this script phase.\necho \"SUCCESS\" > \"${SCRIPT_OUTPUT_FILE_0}\"\n";
			showEnvVarsInLog = 0;
		};
		5354A58AE05307F24FDAF768 /* [CP] Check Pods Manifest.lock */ = {
			isa = PBXShellScriptBuildPhase;
			buildActionMask = 2147483647;
			files = (
			);
			inputFileListPaths = (
			);
			inputPaths = (
				"${PODS_PODFILE_DIR_PATH}/Podfile.lock",
				"${PODS_ROOT}/Manifest.lock",
			);
			name = "[CP] Check Pods Manifest.lock";
			outputFileListPaths = (
			);
			outputPaths = (
				"$(DERIVED_FILE_DIR)/Pods-LuohenWeather (iOS)-checkManifestLockResult.txt",
			);
			runOnlyForDeploymentPostprocessing = 0;
			shellPath = /bin/sh;
			shellScript = "diff \"${PODS_PODFILE_DIR_PATH}/Podfile.lock\" \"${PODS_ROOT}/Manifest.lock\" > /dev/null\nif [ $? != 0 ] ; then\n    # print error to STDERR\n    echo \"error: The sandbox is not in sync with the Podfile.lock. Run 'pod install' or update your CocoaPods installation.\" >&2\n    exit 1\nfi\n# This output is used by Xcode 'outputs' to avoid re-running this script phase.\necho \"SUCCESS\" > \"${SCRIPT_OUTPUT_FILE_0}\"\n";
			showEnvVarsInLog = 0;
		};
		D54D2A5C9AF0D5961CA29CE4 /* [CP] Embed Pods Frameworks */ = {
			isa = PBXShellScriptBuildPhase;
			buildActionMask = 2147483647;
			files = (
			);
			inputFileListPaths = (
				"${PODS_ROOT}/Target Support Files/Pods-LuohenWeather (iOS)/Pods-LuohenWeather (iOS)-frameworks-${CONFIGURATION}-input-files.xcfilelist",
			);
			name = "[CP] Embed Pods Frameworks";
			outputFileListPaths = (
				"${PODS_ROOT}/Target Support Files/Pods-LuohenWeather (iOS)/Pods-LuohenWeather (iOS)-frameworks-${CONFIGURATION}-output-files.xcfilelist",
			);
			runOnlyForDeploymentPostprocessing = 0;
			shellPath = /bin/sh;
			shellScript = "\"${PODS_ROOT}/Target Support Files/Pods-LuohenWeather (iOS)/Pods-LuohenWeather (iOS)-frameworks.sh\"\n";
			showEnvVarsInLog = 0;
		};
/* End PBXShellScriptBuildPhase section */

/* Begin PBXSourcesBuildPhase section */
		A1C666C0277D3C52005B645E /* Sources */ = {
			isa = PBXSourcesBuildPhase;
			buildActionMask = 2147483647;
			files = (
				A10DE23F277D64F2003C1BE6 /* NetworkManager.swift in Sources */,
				A1FB7535277DAA9D00FCA985 /* CityView.swift in Sources */,
				A10DE247277D882B003C1BE6 /* HomeViewModel.swift in Sources */,
				A1C666E5277D3C52005B645E /* LuohenWeather.xcdatamodeld in Sources */,
				A1C666EB277D3C52005B645E /* Persistence.swift in Sources */,
				A1B09648277E973C004C6908 /* ColorExtension.swift in Sources */,
				A193D81A27856D9500309A09 /* FifteenDailyWeatherView.swift in Sources */,
				A1C666E7277D3C52005B645E /* LuohenWeatherApp.swift in Sources */,
				A19A19D827844AA600B18CB7 /* AirQualityView.swift in Sources */,
				A1B0964A277E9D9F004C6908 /* Location.swift in Sources */,
				A11ECA572782FA750076023D /* LocationManager.swift in Sources */,
				A1C666FF277D3EBB005B645E /* HomeView.swift in Sources */,
				A1B0964C277E9E06004C6908 /* CitySelectViewModel.swift in Sources */,
				A19A19D5278426AC00B18CB7 /* Constants.swift in Sources */,
				A10DE249277D8CF2003C1BE6 /* YLPLog.swift in Sources */,
				A1FB7537277DAB5E00FCA985 /* CitySelectView.swift in Sources */,
				A10C419327859629005F4090 /* CityManageView.swift in Sources */,
				A11ECA552782F9440076023D /* HomeNavBar.swift in Sources */,
				A1FB7533277DA3FA00FCA985 /* City.swift in Sources */,
				A102538327918C3600984FF7 /* AboutView.swift in Sources */,
				A10DE241277D64FE003C1BE6 /* API.swift in Sources */,
				A19A19D12784204E00B18CB7 /* SearchBar.swift in Sources */,
				A193D81D2785943500309A09 /* SettingView.swift in Sources */,
				A19A19CF2783EE6B00B18CB7 /* LoadingView.swift in Sources */,
				A10DE245277D8281003C1BE6 /* NetworkResult.swift in Sources */,
			);
			runOnlyForDeploymentPostprocessing = 0;
		};
		A1C666C6277D3C52005B645E /* Sources */ = {
			isa = PBXSourcesBuildPhase;
			buildActionMask = 2147483647;
			files = (
				A1C943EB279501B80095D806 /* AboutView.swift in Sources */,
				A1C666E6277D3C52005B645E /* LuohenWeather.xcdatamodeld in Sources */,
				A1C666EC277D3C52005B645E /* Persistence.swift in Sources */,
				A1C666E8277D3C52005B645E /* LuohenWeatherApp.swift in Sources */,
			);
			runOnlyForDeploymentPostprocessing = 0;
		};
		A1C666CD277D3C52005B645E /* Sources */ = {
			isa = PBXSourcesBuildPhase;
			buildActionMask = 2147483647;
			files = (
				A1C666D8277D3C52005B645E /* Tests_iOSLaunchTests.swift in Sources */,
				A1C666D6277D3C52005B645E /* Tests_iOS.swift in Sources */,
			);
			runOnlyForDeploymentPostprocessing = 0;
		};
		A1C666D9277D3C52005B645E /* Sources */ = {
			isa = PBXSourcesBuildPhase;
			buildActionMask = 2147483647;
			files = (
				A1C666E4277D3C52005B645E /* Tests_macOSLaunchTests.swift in Sources */,
				A1C666E2277D3C52005B645E /* Tests_macOS.swift in Sources */,
			);
			runOnlyForDeploymentPostprocessing = 0;
		};
/* End PBXSourcesBuildPhase section */

/* Begin PBXTargetDependency section */
		A1C666D3277D3C52005B645E /* PBXTargetDependency */ = {
			isa = PBXTargetDependency;
			target = A1C666C3277D3C52005B645E /* LuohenWeather (iOS) */;
			targetProxy = A1C666D2277D3C52005B645E /* PBXContainerItemProxy */;
		};
		A1C666DF277D3C52005B645E /* PBXTargetDependency */ = {
			isa = PBXTargetDependency;
			target = A1C666C9277D3C52005B645E /* LuohenWeather (macOS) */;
			targetProxy = A1C666DE277D3C52005B645E /* PBXContainerItemProxy */;
		};
/* End PBXTargetDependency section */

/* Begin XCBuildConfiguration section */
		A1C666EF277D3C52005B645E /* Debug */ = {
			isa = XCBuildConfiguration;
			buildSettings = {
				ALWAYS_SEARCH_USER_PATHS = NO;
				CLANG_ANALYZER_NONNULL = YES;
				CLANG_ANALYZER_NUMBER_OBJECT_CONVERSION = YES_AGGRESSIVE;
				CLANG_CXX_LANGUAGE_STANDARD = "gnu++17";
				CLANG_CXX_LIBRARY = "libc++";
				CLANG_ENABLE_MODULES = YES;
				CLANG_ENABLE_OBJC_ARC = YES;
				CLANG_ENABLE_OBJC_WEAK = YES;
				CLANG_WARN_BLOCK_CAPTURE_AUTORELEASING = YES;
				CLANG_WARN_BOOL_CONVERSION = YES;
				CLANG_WARN_COMMA = YES;
				CLANG_WARN_CONSTANT_CONVERSION = YES;
				CLANG_WARN_DEPRECATED_OBJC_IMPLEMENTATIONS = YES;
				CLANG_WARN_DIRECT_OBJC_ISA_USAGE = YES_ERROR;
				CLANG_WARN_DOCUMENTATION_COMMENTS = YES;
				CLANG_WARN_EMPTY_BODY = YES;
				CLANG_WARN_ENUM_CONVERSION = YES;
				CLANG_WARN_INFINITE_RECURSION = YES;
				CLANG_WARN_INT_CONVERSION = YES;
				CLANG_WARN_NON_LITERAL_NULL_CONVERSION = YES;
				CLANG_WARN_OBJC_IMPLICIT_RETAIN_SELF = YES;
				CLANG_WARN_OBJC_LITERAL_CONVERSION = YES;
				CLANG_WARN_OBJC_ROOT_CLASS = YES_ERROR;
				CLANG_WARN_QUOTED_INCLUDE_IN_FRAMEWORK_HEADER = YES;
				CLANG_WARN_RANGE_LOOP_ANALYSIS = YES;
				CLANG_WARN_STRICT_PROTOTYPES = YES;
				CLANG_WARN_SUSPICIOUS_MOVE = YES;
				CLANG_WARN_UNGUARDED_AVAILABILITY = YES_AGGRESSIVE;
				CLANG_WARN_UNREACHABLE_CODE = YES;
				CLANG_WARN__DUPLICATE_METHOD_MATCH = YES;
				COPY_PHASE_STRIP = NO;
				DEBUG_INFORMATION_FORMAT = dwarf;
				ENABLE_STRICT_OBJC_MSGSEND = YES;
				ENABLE_TESTABILITY = YES;
				GCC_C_LANGUAGE_STANDARD = gnu11;
				GCC_DYNAMIC_NO_PIC = NO;
				GCC_NO_COMMON_BLOCKS = YES;
				GCC_OPTIMIZATION_LEVEL = 0;
				GCC_PREPROCESSOR_DEFINITIONS = (
					"DEBUG=1",
					"$(inherited)",
				);
				GCC_WARN_64_TO_32_BIT_CONVERSION = YES;
				GCC_WARN_ABOUT_RETURN_TYPE = YES_ERROR;
				GCC_WARN_UNDECLARED_SELECTOR = YES;
				GCC_WARN_UNINITIALIZED_AUTOS = YES_AGGRESSIVE;
				GCC_WARN_UNUSED_FUNCTION = YES;
				GCC_WARN_UNUSED_VARIABLE = YES;
				MTL_ENABLE_DEBUG_INFO = INCLUDE_SOURCE;
				MTL_FAST_MATH = YES;
				ONLY_ACTIVE_ARCH = YES;
				SWIFT_ACTIVE_COMPILATION_CONDITIONS = DEBUG;
				SWIFT_OPTIMIZATION_LEVEL = "-Onone";
			};
			name = Debug;
		};
		A1C666F0277D3C52005B645E /* Release */ = {
			isa = XCBuildConfiguration;
			buildSettings = {
				ALWAYS_SEARCH_USER_PATHS = NO;
				CLANG_ANALYZER_NONNULL = YES;
				CLANG_ANALYZER_NUMBER_OBJECT_CONVERSION = YES_AGGRESSIVE;
				CLANG_CXX_LANGUAGE_STANDARD = "gnu++17";
				CLANG_CXX_LIBRARY = "libc++";
				CLANG_ENABLE_MODULES = YES;
				CLANG_ENABLE_OBJC_ARC = YES;
				CLANG_ENABLE_OBJC_WEAK = YES;
				CLANG_WARN_BLOCK_CAPTURE_AUTORELEASING = YES;
				CLANG_WARN_BOOL_CONVERSION = YES;
				CLANG_WARN_COMMA = YES;
				CLANG_WARN_CONSTANT_CONVERSION = YES;
				CLANG_WARN_DEPRECATED_OBJC_IMPLEMENTATIONS = YES;
				CLANG_WARN_DIRECT_OBJC_ISA_USAGE = YES_ERROR;
				CLANG_WARN_DOCUMENTATION_COMMENTS = YES;
				CLANG_WARN_EMPTY_BODY = YES;
				CLANG_WARN_ENUM_CONVERSION = YES;
				CLANG_WARN_INFINITE_RECURSION = YES;
				CLANG_WARN_INT_CONVERSION = YES;
				CLANG_WARN_NON_LITERAL_NULL_CONVERSION = YES;
				CLANG_WARN_OBJC_IMPLICIT_RETAIN_SELF = YES;
				CLANG_WARN_OBJC_LITERAL_CONVERSION = YES;
				CLANG_WARN_OBJC_ROOT_CLASS = YES_ERROR;
				CLANG_WARN_QUOTED_INCLUDE_IN_FRAMEWORK_HEADER = YES;
				CLANG_WARN_RANGE_LOOP_ANALYSIS = YES;
				CLANG_WARN_STRICT_PROTOTYPES = YES;
				CLANG_WARN_SUSPICIOUS_MOVE = YES;
				CLANG_WARN_UNGUARDED_AVAILABILITY = YES_AGGRESSIVE;
				CLANG_WARN_UNREACHABLE_CODE = YES;
				CLANG_WARN__DUPLICATE_METHOD_MATCH = YES;
				COPY_PHASE_STRIP = NO;
				DEBUG_INFORMATION_FORMAT = "dwarf-with-dsym";
				ENABLE_NS_ASSERTIONS = NO;
				ENABLE_STRICT_OBJC_MSGSEND = YES;
				GCC_C_LANGUAGE_STANDARD = gnu11;
				GCC_NO_COMMON_BLOCKS = YES;
				GCC_WARN_64_TO_32_BIT_CONVERSION = YES;
				GCC_WARN_ABOUT_RETURN_TYPE = YES_ERROR;
				GCC_WARN_UNDECLARED_SELECTOR = YES;
				GCC_WARN_UNINITIALIZED_AUTOS = YES_AGGRESSIVE;
				GCC_WARN_UNUSED_FUNCTION = YES;
				GCC_WARN_UNUSED_VARIABLE = YES;
				MTL_ENABLE_DEBUG_INFO = NO;
				MTL_FAST_MATH = YES;
				SWIFT_COMPILATION_MODE = wholemodule;
				SWIFT_OPTIMIZATION_LEVEL = "-O";
			};
			name = Release;
		};
		A1C666F2277D3C52005B645E /* Debug */ = {
			isa = XCBuildConfiguration;
			baseConfigurationReference = 4DADC01E34EB4AD9CC95CD77 /* Pods-LuohenWeather (iOS).debug.xcconfig */;
			buildSettings = {
				ASSETCATALOG_COMPILER_APPICON_NAME = AppIcon;
				ASSETCATALOG_COMPILER_GLOBAL_ACCENT_COLOR_NAME = AccentColor;
				CLANG_ENABLE_MODULES = YES;
				CODE_SIGN_STYLE = Automatic;
				CURRENT_PROJECT_VERSION = 1;
				DEVELOPMENT_TEAM = 4T86ZQQNC4;
				ENABLE_PREVIEWS = YES;
				GENERATE_INFOPLIST_FILE = YES;
				INFOPLIST_FILE = "LuohenWeather--iOS--Info.plist";
				INFOPLIST_KEY_CFBundleDisplayName = "";
				INFOPLIST_KEY_LSApplicationCategoryType = "";
				INFOPLIST_KEY_NSLocationAlwaysAndWhenInUseUsageDescription = sddd;
				INFOPLIST_KEY_NSLocationAlwaysUsageDescription = dsdf;
				INFOPLIST_KEY_NSLocationWhenInUseUsageDescription = eee;
				INFOPLIST_KEY_UIApplicationSceneManifest_Generation = YES;
				INFOPLIST_KEY_UIApplicationSupportsIndirectInputEvents = YES;
				INFOPLIST_KEY_UILaunchScreen_Generation = YES;
				INFOPLIST_KEY_UISupportedInterfaceOrientations_iPad = "UIInterfaceOrientationPortrait UIInterfaceOrientationPortraitUpsideDown UIInterfaceOrientationLandscapeLeft UIInterfaceOrientationLandscapeRight";
				INFOPLIST_KEY_UISupportedInterfaceOrientations_iPhone = "UIInterfaceOrientationPortrait UIInterfaceOrientationLandscapeLeft UIInterfaceOrientationLandscapeRight";
				IPHONEOS_DEPLOYMENT_TARGET = 15.0;
				LD_RUNPATH_SEARCH_PATHS = (
					"$(inherited)",
					"@executable_path/Frameworks",
				);
				MARKETING_VERSION = "1.0.0 beta";
				PRODUCT_BUNDLE_IDENTIFIER = top.luohen.LuohenWeather;
				PRODUCT_NAME = LuohenWeather;
				SDKROOT = iphoneos;
				SWIFT_EMIT_LOC_STRINGS = YES;
				SWIFT_OBJC_BRIDGING_HEADER = "Shared/LuohenWeather (iOS)-Bridging-Header.h";
				SWIFT_OPTIMIZATION_LEVEL = "-Onone";
				SWIFT_VERSION = 5.0;
				TARGETED_DEVICE_FAMILY = "1,2";
			};
			name = Debug;
		};
		A1C666F3277D3C52005B645E /* Release */ = {
			isa = XCBuildConfiguration;
			baseConfigurationReference = A24D459FACDA916ED7AFC5A2 /* Pods-LuohenWeather (iOS).release.xcconfig */;
			buildSettings = {
				ASSETCATALOG_COMPILER_APPICON_NAME = AppIcon;
				ASSETCATALOG_COMPILER_GLOBAL_ACCENT_COLOR_NAME = AccentColor;
				CLANG_ENABLE_MODULES = YES;
				CODE_SIGN_STYLE = Automatic;
				CURRENT_PROJECT_VERSION = 1;
				DEVELOPMENT_TEAM = 4T86ZQQNC4;
				ENABLE_PREVIEWS = YES;
				GENERATE_INFOPLIST_FILE = YES;
				INFOPLIST_FILE = "LuohenWeather--iOS--Info.plist";
				INFOPLIST_KEY_CFBundleDisplayName = "";
				INFOPLIST_KEY_LSApplicationCategoryType = "";
				INFOPLIST_KEY_NSLocationAlwaysAndWhenInUseUsageDescription = sddd;
				INFOPLIST_KEY_NSLocationAlwaysUsageDescription = dsdf;
				INFOPLIST_KEY_NSLocationWhenInUseUsageDescription = eee;
				INFOPLIST_KEY_UIApplicationSceneManifest_Generation = YES;
				INFOPLIST_KEY_UIApplicationSupportsIndirectInputEvents = YES;
				INFOPLIST_KEY_UILaunchScreen_Generation = YES;
				INFOPLIST_KEY_UISupportedInterfaceOrientations_iPad = "UIInterfaceOrientationPortrait UIInterfaceOrientationPortraitUpsideDown UIInterfaceOrientationLandscapeLeft UIInterfaceOrientationLandscapeRight";
				INFOPLIST_KEY_UISupportedInterfaceOrientations_iPhone = "UIInterfaceOrientationPortrait UIInterfaceOrientationLandscapeLeft UIInterfaceOrientationLandscapeRight";
				IPHONEOS_DEPLOYMENT_TARGET = 15.0;
				LD_RUNPATH_SEARCH_PATHS = (
					"$(inherited)",
					"@executable_path/Frameworks",
				);
				MARKETING_VERSION = "1.0.0 beta";
				PRODUCT_BUNDLE_IDENTIFIER = top.luohen.LuohenWeather;
				PRODUCT_NAME = LuohenWeather;
				SDKROOT = iphoneos;
				SWIFT_EMIT_LOC_STRINGS = YES;
				SWIFT_OBJC_BRIDGING_HEADER = "Shared/LuohenWeather (iOS)-Bridging-Header.h";
				SWIFT_VERSION = 5.0;
				TARGETED_DEVICE_FAMILY = "1,2";
				VALIDATE_PRODUCT = YES;
			};
			name = Release;
		};
		A1C666F5277D3C52005B645E /* Debug */ = {
			isa = XCBuildConfiguration;
			baseConfigurationReference = DA4BB0EF120CEB996A91C3B5 /* Pods-LuohenWeather (macOS).debug.xcconfig */;
			buildSettings = {
				ASSETCATALOG_COMPILER_APPICON_NAME = AppIcon;
				ASSETCATALOG_COMPILER_GLOBAL_ACCENT_COLOR_NAME = AccentColor;
				CLANG_ENABLE_MODULES = YES;
				CODE_SIGN_ENTITLEMENTS = macOS/macOS.entitlements;
				CODE_SIGN_STYLE = Automatic;
				COMBINE_HIDPI_IMAGES = YES;
				CURRENT_PROJECT_VERSION = 1;
				DEVELOPMENT_TEAM = 4T86ZQQNC4;
				ENABLE_HARDENED_RUNTIME = YES;
				ENABLE_PREVIEWS = YES;
				GENERATE_INFOPLIST_FILE = YES;
				INFOPLIST_KEY_NSHumanReadableCopyright = "";
				LD_RUNPATH_SEARCH_PATHS = (
					"$(inherited)",
					"@executable_path/../Frameworks",
				);
				MACOSX_DEPLOYMENT_TARGET = 12.1;
				MARKETING_VERSION = 1.0;
				PRODUCT_BUNDLE_IDENTIFIER = top.luohen.LuohenWeather;
				PRODUCT_NAME = LuohenWeather;
				SDKROOT = macosx;
				SWIFT_EMIT_LOC_STRINGS = YES;
				SWIFT_OBJC_BRIDGING_HEADER = "Shared/LuohenWeather (macOS)-Bridging-Header.h";
				SWIFT_OPTIMIZATION_LEVEL = "-Onone";
				SWIFT_VERSION = 5.0;
			};
			name = Debug;
		};
		A1C666F6277D3C52005B645E /* Release */ = {
			isa = XCBuildConfiguration;
			baseConfigurationReference = 90B27F707FE2EC3B49F5C281 /* Pods-LuohenWeather (macOS).release.xcconfig */;
			buildSettings = {
				ASSETCATALOG_COMPILER_APPICON_NAME = AppIcon;
				ASSETCATALOG_COMPILER_GLOBAL_ACCENT_COLOR_NAME = AccentColor;
				CLANG_ENABLE_MODULES = YES;
				CODE_SIGN_ENTITLEMENTS = macOS/macOS.entitlements;
				CODE_SIGN_STYLE = Automatic;
				COMBINE_HIDPI_IMAGES = YES;
				CURRENT_PROJECT_VERSION = 1;
				DEVELOPMENT_TEAM = 4T86ZQQNC4;
				ENABLE_HARDENED_RUNTIME = YES;
				ENABLE_PREVIEWS = YES;
				GENERATE_INFOPLIST_FILE = YES;
				INFOPLIST_KEY_NSHumanReadableCopyright = "";
				LD_RUNPATH_SEARCH_PATHS = (
					"$(inherited)",
					"@executable_path/../Frameworks",
				);
				MACOSX_DEPLOYMENT_TARGET = 12.1;
				MARKETING_VERSION = 1.0;
				PRODUCT_BUNDLE_IDENTIFIER = top.luohen.LuohenWeather;
				PRODUCT_NAME = LuohenWeather;
				SDKROOT = macosx;
				SWIFT_EMIT_LOC_STRINGS = YES;
				SWIFT_OBJC_BRIDGING_HEADER = "Shared/LuohenWeather (macOS)-Bridging-Header.h";
				SWIFT_VERSION = 5.0;
			};
			name = Release;
		};
		A1C666F8277D3C52005B645E /* Debug */ = {
			isa = XCBuildConfiguration;
			buildSettings = {
				ALWAYS_EMBED_SWIFT_STANDARD_LIBRARIES = YES;
				CODE_SIGN_STYLE = Automatic;
				CURRENT_PROJECT_VERSION = 1;
				DEVELOPMENT_TEAM = 4T86ZQQNC4;
				GENERATE_INFOPLIST_FILE = YES;
				IPHONEOS_DEPLOYMENT_TARGET = 15.2;
				MARKETING_VERSION = 1.0;
				PRODUCT_BUNDLE_IDENTIFIER = "top.luohen.Tests-iOS";
				PRODUCT_NAME = "$(TARGET_NAME)";
				SDKROOT = iphoneos;
				SWIFT_EMIT_LOC_STRINGS = NO;
				SWIFT_VERSION = 5.0;
				TARGETED_DEVICE_FAMILY = "1,2";
				TEST_TARGET_NAME = "LuohenWeather (iOS)";
			};
			name = Debug;
		};
		A1C666F9277D3C52005B645E /* Release */ = {
			isa = XCBuildConfiguration;
			buildSettings = {
				ALWAYS_EMBED_SWIFT_STANDARD_LIBRARIES = YES;
				CODE_SIGN_STYLE = Automatic;
				CURRENT_PROJECT_VERSION = 1;
				DEVELOPMENT_TEAM = 4T86ZQQNC4;
				GENERATE_INFOPLIST_FILE = YES;
				IPHONEOS_DEPLOYMENT_TARGET = 15.2;
				MARKETING_VERSION = 1.0;
				PRODUCT_BUNDLE_IDENTIFIER = "top.luohen.Tests-iOS";
				PRODUCT_NAME = "$(TARGET_NAME)";
				SDKROOT = iphoneos;
				SWIFT_EMIT_LOC_STRINGS = NO;
				SWIFT_VERSION = 5.0;
				TARGETED_DEVICE_FAMILY = "1,2";
				TEST_TARGET_NAME = "LuohenWeather (iOS)";
				VALIDATE_PRODUCT = YES;
			};
			name = Release;
		};
		A1C666FB277D3C52005B645E /* Debug */ = {
			isa = XCBuildConfiguration;
			buildSettings = {
				ALWAYS_EMBED_SWIFT_STANDARD_LIBRARIES = YES;
				CODE_SIGN_STYLE = Automatic;
				CURRENT_PROJECT_VERSION = 1;
				DEVELOPMENT_TEAM = 4T86ZQQNC4;
				GENERATE_INFOPLIST_FILE = YES;
				MACOSX_DEPLOYMENT_TARGET = 12.1;
				MARKETING_VERSION = 1.0;
				PRODUCT_BUNDLE_IDENTIFIER = "top.luohen.Tests-macOS";
				PRODUCT_NAME = "$(TARGET_NAME)";
				SDKROOT = macosx;
				SWIFT_EMIT_LOC_STRINGS = NO;
				SWIFT_VERSION = 5.0;
				TEST_TARGET_NAME = "LuohenWeather (macOS)";
			};
			name = Debug;
		};
		A1C666FC277D3C52005B645E /* Release */ = {
			isa = XCBuildConfiguration;
			buildSettings = {
				ALWAYS_EMBED_SWIFT_STANDARD_LIBRARIES = YES;
				CODE_SIGN_STYLE = Automatic;
				CURRENT_PROJECT_VERSION = 1;
				DEVELOPMENT_TEAM = 4T86ZQQNC4;
				GENERATE_INFOPLIST_FILE = YES;
				MACOSX_DEPLOYMENT_TARGET = 12.1;
				MARKETING_VERSION = 1.0;
				PRODUCT_BUNDLE_IDENTIFIER = "top.luohen.Tests-macOS";
				PRODUCT_NAME = "$(TARGET_NAME)";
				SDKROOT = macosx;
				SWIFT_EMIT_LOC_STRINGS = NO;
				SWIFT_VERSION = 5.0;
				TEST_TARGET_NAME = "LuohenWeather (macOS)";
			};
			name = Release;
		};
/* End XCBuildConfiguration section */

/* Begin XCConfigurationList section */
		A1C666B8277D3C50005B645E /* Build configuration list for PBXProject "LuohenWeather" */ = {
			isa = XCConfigurationList;
			buildConfigurations = (
				A1C666EF277D3C52005B645E /* Debug */,
				A1C666F0277D3C52005B645E /* Release */,
			);
			defaultConfigurationIsVisible = 0;
			defaultConfigurationName = Release;
		};
		A1C666F1277D3C52005B645E /* Build configuration list for PBXNativeTarget "LuohenWeather (iOS)" */ = {
			isa = XCConfigurationList;
			buildConfigurations = (
				A1C666F2277D3C52005B645E /* Debug */,
				A1C666F3277D3C52005B645E /* Release */,
			);
			defaultConfigurationIsVisible = 0;
			defaultConfigurationName = Release;
		};
		A1C666F4277D3C52005B645E /* Build configuration list for PBXNativeTarget "LuohenWeather (macOS)" */ = {
			isa = XCConfigurationList;
			buildConfigurations = (
				A1C666F5277D3C52005B645E /* Debug */,
				A1C666F6277D3C52005B645E /* Release */,
			);
			defaultConfigurationIsVisible = 0;
			defaultConfigurationName = Release;
		};
		A1C666F7277D3C52005B645E /* Build configuration list for PBXNativeTarget "Tests iOS" */ = {
			isa = XCConfigurationList;
			buildConfigurations = (
				A1C666F8277D3C52005B645E /* Debug */,
				A1C666F9277D3C52005B645E /* Release */,
			);
			defaultConfigurationIsVisible = 0;
			defaultConfigurationName = Release;
		};
		A1C666FA277D3C52005B645E /* Build configuration list for PBXNativeTarget "Tests macOS" */ = {
			isa = XCConfigurationList;
			buildConfigurations = (
				A1C666FB277D3C52005B645E /* Debug */,
				A1C666FC277D3C52005B645E /* Release */,
			);
			defaultConfigurationIsVisible = 0;
			defaultConfigurationName = Release;
		};
/* End XCConfigurationList section */

/* Begin XCVersionGroup section */
		A1C666BA277D3C50005B645E /* LuohenWeather.xcdatamodeld */ = {
			isa = XCVersionGroup;
			children = (
				A1C666BB277D3C50005B645E /* Shared.xcdatamodel */,
			);
			currentVersion = A1C666BB277D3C50005B645E /* Shared.xcdatamodel */;
			path = LuohenWeather.xcdatamodeld;
			sourceTree = "<group>";
			versionGroupType = wrapper.xcdatamodel;
		};
/* End XCVersionGroup section */
	};
	rootObject = A1C666B5277D3C50005B645E /* Project object */;
}
